
Microsoft Visual Studio Solution File, Format Version 12.00
# Visual Studio Version 16
VisualStudioVersion = 16.0.30523.141
MinimumVisualStudioVersion = 10.0.40219.1
Project("{9A19103F-16F7-4668-BE54-9A1E7A4F7556}") = "WpfVerein", "WpfVerein.csproj", "{AD80662E-EDB9-4228-B8BC-76549DB2319F}"
EndProject
Global
	GlobalSection(SolutionConfigurationPlatforms) = preSolution
		Debug|Any CPU = Debug|Any CPU
		Release|Any CPU = Release|Any CPU
	EndGlobalSection
	GlobalSection(ProjectConfigurationPlatforms) = postSolution
		{AD80662E-EDB9-4228-B8BC-76549DB2319F}.Debug|Any CPU.ActiveCfg = Debug|Any CPU
		{AD80662E-EDB9-4228-B8BC-76549DB2319F}.Debug|Any CPU.Build.0 = Debug|Any CPU
		{AD80662E-EDB9-4228-B8BC-76549DB2319F}.Release|Any CPU.ActiveCfg = Release|Any CPU
		{AD80662E-EDB9-4228-B8BC-76549DB2319F}.Release|Any CPU.Build.0 = Release|Any CPU
	EndGlobalSection
	GlobalSection(SolutionProperties) = preSolution
		HideSolutionNode = FALSE
	EndGlobalSection
	GlobalSection(ExtensibilityGlobals) = postSolution
		SolutionGuid = {984CE426-40B2-43EB-95E1-4E01C755B60A}
	EndGlobalSection
EndGlobal
